
Microsoft Visual Studio Solution File, Format Version 12.00
# Visual Studio 14
VisualStudioVersion = 14.0.23107.0
MinimumVisualStudioVersion = 10.0.40219.1
Project("{FAE04EC0-301F-11D3-BF4B-00C04F79EFBC}") = "MedAgenda.API", "MedAgenda.API\MedAgenda.API.csproj", "{66693394-D0FC-4404-BF39-E9CDE0249CB9}"
EndProject
Project("{FAE04EC0-301F-11D3-BF4B-00C04F79EFBC}") = "MedAgenda.API.Tests", "MedAgenda.API.Tests\MedAgenda.API.Tests.csproj", "{D5EC3A39-67AA-4D02-AAEE-C03843A932F4}"
EndProject
Global
	GlobalSection(SolutionConfigurationPlatforms) = preSolution
		Debug|Any CPU = Debug|Any CPU
		Release|Any CPU = Release|Any CPU
	EndGlobalSection
	GlobalSection(ProjectConfigurationPlatforms) = postSolution
		{66693394-D0FC-4404-BF39-E9CDE0249CB9}.Debug|Any CPU.ActiveCfg = Debug|Any CPU
		{66693394-D0FC-4404-BF39-E9CDE0249CB9}.Debug|Any CPU.Build.0 = Debug|Any CPU
		{66693394-D0FC-4404-BF39-E9CDE0249CB9}.Release|Any CPU.ActiveCfg = Release|Any CPU
		{66693394-D0FC-4404-BF39-E9CDE0249CB9}.Release|Any CPU.Build.0 = Release|Any CPU
		{D5EC3A39-67AA-4D02-AAEE-C03843A932F4}.Debug|Any CPU.ActiveCfg = Debug|Any CPU
		{D5EC3A39-67AA-4D02-AAEE-C03843A932F4}.Debug|Any CPU.Build.0 = Debug|Any CPU
		{D5EC3A39-67AA-4D02-AAEE-C03843A932F4}.Release|Any CPU.ActiveCfg = Release|Any CPU
		{D5EC3A39-67AA-4D02-AAEE-C03843A932F4}.Release|Any CPU.Build.0 = Release|Any CPU
	EndGlobalSection
	GlobalSection(SolutionProperties) = preSolution
		HideSolutionNode = FALSE
	EndGlobalSection
EndGlobal
